
Microsoft Visual Studio Solution File, Format Version 12.00
# Visual Studio 14
VisualStudioVersion = 14.0.25420.1
MinimumVisualStudioVersion = 10.0.40219.1
Project("{FAE04EC0-301F-11D3-BF4B-00C04F79EFBC}") = "BE", "BE\BE.csproj", "{C5713386-E650-438D-95C1-9F5A158CA69A}"
EndProject
Project("{FAE04EC0-301F-11D3-BF4B-00C04F79EFBC}") = "BL", "BL\BL.csproj", "{B2EA67EE-A80A-44FC-91C5-7A6517F0AAEB}"
EndProject
Project("{FAE04EC0-301F-11D3-BF4B-00C04F79EFBC}") = "DAL", "DAL\DAL.csproj", "{04BDEB1A-9899-4DE3-9852-0FDC42214D4B}"
EndProject
Project("{FAE04EC0-301F-11D3-BF4B-00C04F79EFBC}") = "PLWPF", "PLWPF\PLWPF.csproj", "{3E43B94F-07BE-4C8B-BD60-9BE7A188E2AD}"
EndProject
Global
	GlobalSection(SolutionConfigurationPlatforms) = preSolution
		Debug|Any CPU = Debug|Any CPU
		Release with Code Analysis|Any CPU = Release with Code Analysis|Any CPU
		Release|Any CPU = Release|Any CPU
	EndGlobalSection
	GlobalSection(ProjectConfigurationPlatforms) = postSolution
		{C5713386-E650-438D-95C1-9F5A158CA69A}.Debug|Any CPU.ActiveCfg = Debug|Any CPU
		{C5713386-E650-438D-95C1-9F5A158CA69A}.Debug|Any CPU.Build.0 = Debug|Any CPU
		{C5713386-E650-438D-95C1-9F5A158CA69A}.Release with Code Analysis|Any CPU.ActiveCfg = Release|Any CPU
		{C5713386-E650-438D-95C1-9F5A158CA69A}.Release with Code Analysis|Any CPU.Build.0 = Release|Any CPU
		{C5713386-E650-438D-95C1-9F5A158CA69A}.Release|Any CPU.ActiveCfg = Release|Any CPU
		{C5713386-E650-438D-95C1-9F5A158CA69A}.Release|Any CPU.Build.0 = Release|Any CPU
		{B2EA67EE-A80A-44FC-91C5-7A6517F0AAEB}.Debug|Any CPU.ActiveCfg = Debug|Any CPU
		{B2EA67EE-A80A-44FC-91C5-7A6517F0AAEB}.Debug|Any CPU.Build.0 = Debug|Any CPU
		{B2EA67EE-A80A-44FC-91C5-7A6517F0AAEB}.Release with Code Analysis|Any CPU.ActiveCfg = Release|Any CPU
		{B2EA67EE-A80A-44FC-91C5-7A6517F0AAEB}.Release with Code Analysis|Any CPU.Build.0 = Release|Any CPU
		{B2EA67EE-A80A-44FC-91C5-7A6517F0AAEB}.Release|Any CPU.ActiveCfg = Release|Any CPU
		{B2EA67EE-A80A-44FC-91C5-7A6517F0AAEB}.Release|Any CPU.Build.0 = Release|Any CPU
		{04BDEB1A-9899-4DE3-9852-0FDC42214D4B}.Debug|Any CPU.ActiveCfg = Debug|Any CPU
		{04BDEB1A-9899-4DE3-9852-0FDC42214D4B}.Debug|Any CPU.Build.0 = Debug|Any CPU
		{04BDEB1A-9899-4DE3-9852-0FDC42214D4B}.Release with Code Analysis|Any CPU.ActiveCfg = Release|Any CPU
		{04BDEB1A-9899-4DE3-9852-0FDC42214D4B}.Release with Code Analysis|Any CPU.Build.0 = Release|Any CPU
		{04BDEB1A-9899-4DE3-9852-0FDC42214D4B}.Release|Any CPU.ActiveCfg = Release|Any CPU
		{04BDEB1A-9899-4DE3-9852-0FDC42214D4B}.Release|Any CPU.Build.0 = Release|Any CPU
		{3E43B94F-07BE-4C8B-BD60-9BE7A188E2AD}.Debug|Any CPU.ActiveCfg = Debug|Any CPU
		{3E43B94F-07BE-4C8B-BD60-9BE7A188E2AD}.Debug|Any CPU.Build.0 = Debug|Any CPU
		{3E43B94F-07BE-4C8B-BD60-9BE7A188E2AD}.Release with Code Analysis|Any CPU.ActiveCfg = Release|Any CPU
		{3E43B94F-07BE-4C8B-BD60-9BE7A188E2AD}.Release with Code Analysis|Any CPU.Build.0 = Release|Any CPU
		{3E43B94F-07BE-4C8B-BD60-9BE7A188E2AD}.Release|Any CPU.ActiveCfg = Release|Any CPU
		{3E43B94F-07BE-4C8B-BD60-9BE7A188E2AD}.Release|Any CPU.Build.0 = Release|Any CPU
	EndGlobalSection
	GlobalSection(SolutionProperties) = preSolution
		HideSolutionNode = FALSE
	EndGlobalSection
EndGlobal
